// !$*UTF8*$!
{
	archiveVersion = 1;
	classes = {
	};
	objectVersion = 46;
	objects = {

/* Begin PBXBuildFile section */
		219398871C9B34FA00B8E18B /* TableViewController.swift in Sources */ = {isa = PBXBuildFile; fileRef = 219398861C9B34FA00B8E18B /* TableViewController.swift */; };
		219398891C9B3A3600B8E18B /* CoreLocation.framework in Frameworks */ = {isa = PBXBuildFile; fileRef = 219398881C9B3A3600B8E18B /* CoreLocation.framework */; };
		21BB14531C9889E200DA7C54 /* AppDelegate.swift in Sources */ = {isa = PBXBuildFile; fileRef = 21BB14521C9889E200DA7C54 /* AppDelegate.swift */; };
		21BB14551C9889E200DA7C54 /* ViewController.swift in Sources */ = {isa = PBXBuildFile; fileRef = 21BB14541C9889E200DA7C54 /* ViewController.swift */; };
		21BB14581C9889E200DA7C54 /* Main.storyboard in Resources */ = {isa = PBXBuildFile; fileRef = 21BB14561C9889E200DA7C54 /* Main.storyboard */; };
		21BB145A1C9889E200DA7C54 /* Assets.xcassets in Resources */ = {isa = PBXBuildFile; fileRef = 21BB14591C9889E200DA7C54 /* Assets.xcassets */; };
		21BB145D1C9889E200DA7C54 /* LaunchScreen.storyboard in Resources */ = {isa = PBXBuildFile; fileRef = 21BB145B1C9889E200DA7C54 /* LaunchScreen.storyboard */; };
/* End PBXBuildFile section */

/* Begin PBXFileReference section */
		219398861C9B34FA00B8E18B /* TableViewController.swift */ = {isa = PBXFileReference; fileEncoding = 4; lastKnownFileType = sourcecode.swift; path = TableViewController.swift; sourceTree = "<group>"; };
		219398881C9B3A3600B8E18B /* CoreLocation.framework */ = {isa = PBXFileReference; lastKnownFileType = wrapper.framework; name = CoreLocation.framework; path = System/Library/Frameworks/CoreLocation.framework; sourceTree = SDKROOT; };
		21BB144F1C9889E200DA7C54 /* Memorable Visits.app */ = {isa = PBXFileReference; explicitFileType = wrapper.application; includeInIndex = 0; path = "Memorable Visits.app"; sourceTree = BUILT_PRODUCTS_DIR; };
		21BB14521C9889E200DA7C54 /* AppDelegate.swift */ = {isa = PBXFileReference; lastKnownFileType = sourcecode.swift; path = AppDelegate.swift; sourceTree = "<group>"; };
		21BB14541C9889E200DA7C54 /* ViewController.swift */ = {isa = PBXFileReference; lastKnownFileType = sourcecode.swift; path = ViewController.swift; sourceTree = "<group>"; };
		21BB14571C9889E200DA7C54 /* Base */ = {isa = PBXFileReference; lastKnownFileType = file.storyboard; name = Base; path = Base.lproj/Main.storyboard; sourceTree = "<group>"; };
		21BB14591C9889E200DA7C54 /* Assets.xcassets */ = {isa = PBXFileReference; lastKnownFileType = folder.assetcatalog; path = Assets.xcassets; sourceTree = "<group>"; };
		21BB145C1C9889E200DA7C54 /* Base */ = {isa = PBXFileReference; lastKnownFileType = file.storyboard; name = Base; path = Base.lproj/LaunchScreen.storyboard; sourceTree = "<group>"; };
		21BB145E1C9889E200DA7C54 /* Info.plist */ = {isa = PBXFileReference; lastKnownFileType = text.plist.xml; path = Info.plist; sourceTree = "<group>"; };
/* End PBXFileReference section */

/* Begin PBXFrameworksBuildPhase section */
		21BB144C1C9889E200DA7C54 /* Frameworks */ = {
			isa = PBXFrameworksBuildPhase;
			buildActionMask = 2147483647;
			files = (
				219398891C9B3A3600B8E18B /* CoreLocation.framework in Frameworks */,
			);
			runOnlyForDeploymentPostprocessing = 0;
		};
/* End PBXFrameworksBuildPhase section */

/* Begin PBXGroup section */
		21BB14461C9889E200DA7C54 = {
			isa = PBXGroup;
			children = (
				219398881C9B3A3600B8E18B /* CoreLocation.framework */,
				21BB14511C9889E200DA7C54 /* Memorable Places */,
				21BB14501C9889E200DA7C54 /* Products */,
			);
			sourceTree = "<group>";
		};
		21BB14501C9889E200DA7C54 /* Products */ = {
			isa = PBXGroup;
			children = (
				21BB144F1C9889E200DA7C54 /* Memorable Visits.app */,
			);
			name = Products;
			sourceTree = "<group>";
		};
		21BB14511C9889E200DA7C54 /* Memorable Places */ = {
			isa = PBXGroup;
			children = (
				21BB14521C9889E200DA7C54 /* AppDelegate.swift */,
				21BB14541C9889E200DA7C54 /* ViewController.swift */,
				21BB14561C9889E200DA7C54 /* Main.storyboard */,
				219398861C9B34FA00B8E18B /* TableViewController.swift */,
				21BB14591C9889E200DA7C54 /* Assets.xcassets */,
				21BB145B1C9889E200DA7C54 /* LaunchScreen.storyboard */,
				21BB145E1C9889E200DA7C54 /* Info.plist */,
			);
			path = "Memorable Places";
			sourceTree = "<group>";
		};
/* End PBXGroup section */

/* Begin PBXNativeTarget section */
		21BB144E1C9889E200DA7C54 /* Memorable Visits */ = {
			isa = PBXNativeTarget;
			buildConfigurationList = 21BB14611C9889E200DA7C54 /* Build configuration list for PBXNativeTarget "Memorable Visits" */;
			buildPhases = (
				21BB144B1C9889E200DA7C54 /* Sources */,
				21BB144C1C9889E200DA7C54 /* Frameworks */,
				21BB144D1C9889E200DA7C54 /* Resources */,
			);
			buildRules = (
			);
			dependencies = (
			);
			name = "Memorable Visits";
			productName = "Memorable Places";
			productReference = 21BB144F1C9889E200DA7C54 /* Memorable Visits.app */;
			productType = "com.apple.product-type.application";
		};
/* End PBXNativeTarget section */

/* Begin PBXProject section */
		21BB14471C9889E200DA7C54 /* Project object */ = {
			isa = PBXProject;
			attributes = {
				LastSwiftUpdateCheck = 0720;
				LastUpgradeCheck = 0720;
				ORGANIZATIONNAME = "Lovish Dogra";
				TargetAttributes = {
					21BB144E1C9889E200DA7C54 = {
						CreatedOnToolsVersion = 7.2.1;
						DevelopmentTeam = R2HCX9V229;
						LastSwiftMigration = 0800;
					};
				};
			};
			buildConfigurationList = 21BB144A1C9889E200DA7C54 /* Build configuration list for PBXProject "Memorable Visits" */;
			compatibilityVersion = "Xcode 3.2";
			developmentRegion = English;
			hasScannedForEncodings = 0;
			knownRegions = (
				en,
				Base,
			);
			mainGroup = 21BB14461C9889E200DA7C54;
			productRefGroup = 21BB14501C9889E200DA7C54 /* Products */;
			projectDirPath = "";
			projectRoot = "";
			targets = (
				21BB144E1C9889E200DA7C54 /* Memorable Visits */,
			);
		};
/* End PBXProject section */

/* Begin PBXResourcesBuildPhase section */
		21BB144D1C9889E200DA7C54 /* Resources */ = {
			isa = PBXResourcesBuildPhase;
			buildActionMask = 2147483647;
			files = (
				21BB145D1C9889E200DA7C54 /* LaunchScreen.storyboard in Resources */,
				21BB145A1C9889E200DA7C54 /* Assets.xcassets in Resources */,
				21BB14581C9889E200DA7C54 /* Main.storyboard in Resources */,
			);
			runOnlyForDeploymentPostprocessing = 0;
		};
/* End PBXResourcesBuildPhase section */

/* Begin PBXSourcesBuildPhase section */
		21BB144B1C9889E200DA7C54 /* Sources */ = {
			isa = PBXSourcesBuildPhase;
			buildActionMask = 2147483647;
			files = (
				21BB14551C9889E200DA7C54 /* ViewController.swift in Sources */,
				219398871C9B34FA00B8E18B /* TableViewController.swift in Sources */,
				21BB14531C9889E200DA7C54 /* AppDelegate.swift in Sources */,
			);
			runOnlyForDeploymentPostprocessing = 0;
		};
/* End PBXSourcesBuildPhase section */

/* Begin PBXVariantGroup section */
		21BB14561C9889E200DA7C54 /* Main.storyboard */ = {
			isa = PBXVariantGroup;
			children = (
				21BB14571C9889E200DA7C54 /* Base */,
			);
			name = Main.storyboard;
			sourceTree = "<group>";
		};
		21BB145B1C9889E200DA7C54 /* LaunchScreen.storyboard */ = {
			isa = PBXVariantGroup;
			children = (
				21BB145C1C9889E200DA7C54 /* Base */,
			);
			name = LaunchScreen.storyboard;
			sourceTree = "<group>";
		};
/* End PBXVariantGroup section */

/* Begin XCBuildConfiguration section */
		21BB145F1C9889E200DA7C54 /* Debug */ = {
			isa = XCBuildConfiguration;
			buildSettings = {
				ALWAYS_SEARCH_USER_PATHS = NO;
				CLANG_CXX_LANGUAGE_STANDARD = "gnu++0x";
				CLANG_CXX_LIBRARY = "libc++";
				CLANG_ENABLE_MODULES = YES;
				CLANG_ENABLE_OBJC_ARC = YES;
				CLANG_WARN_BOOL_CONVERSION = YES;
				CLANG_WARN_CONSTANT_CONVERSION = YES;
				CLANG_WARN_DIRECT_OBJC_ISA_USAGE = YES_ERROR;
				CLANG_WARN_EMPTY_BODY = YES;
				CLANG_WARN_ENUM_CONVERSION = YES;
				CLANG_WARN_INT_CONVERSION = YES;
				CLANG_WARN_OBJC_ROOT_CLASS = YES_ERROR;
				CLANG_WARN_UNREACHABLE_CODE = YES;
				CLANG_WARN__DUPLICATE_METHOD_MATCH = YES;
				"CODE_SIGN_IDENTITY[sdk=iphoneos*]" = "iPhone Developer";
				COPY_PHASE_STRIP = NO;
				DEBUG_INFORMATION_FORMAT = dwarf;
				ENABLE_STRICT_OBJC_MSGSEND = YES;
				ENABLE_TESTABILITY = YES;
				GCC_C_LANGUAGE_STANDARD = gnu99;
				GCC_DYNAMIC_NO_PIC = NO;
				GCC_NO_COMMON_BLOCKS = YES;
				GCC_OPTIMIZATION_LEVEL = 0;
				GCC_PREPROCESSOR_DEFINITIONS = (
					"DEBUG=1",
					"$(inherited)",
				);
				GCC_WARN_64_TO_32_BIT_CONVERSION = YES;
				GCC_WARN_ABOUT_RETURN_TYPE = YES_ERROR;
				GCC_WARN_UNDECLARED_SELECTOR = YES;
				GCC_WARN_UNINITIALIZED_AUTOS = YES_AGGRESSIVE;
				GCC_WARN_UNUSED_FUNCTION = YES;
				GCC_WARN_UNUSED_VARIABLE = YES;
				IPHONEOS_DEPLOYMENT_TARGET = 9.2;
				MTL_ENABLE_DEBUG_INFO = YES;
				ONLY_ACTIVE_ARCH = YES;
				SDKROOT = iphoneos;
				SWIFT_OPTIMIZATION_LEVEL = "-Onone";
				TARGETED_DEVICE_FAMILY = "1,2";
			};
			name = Debug;
		};
		21BB14601C9889E200DA7C54 /* Release */ = {
			isa = XCBuildConfiguration;
			buildSettings = {
				ALWAYS_SEARCH_USER_PATHS = NO;
				CLANG_CXX_LANGUAGE_STANDARD = "gnu++0x";
				CLANG_CXX_LIBRARY = "libc++";
				CLANG_ENABLE_MODULES = YES;
				CLANG_ENABLE_OBJC_ARC = YES;
				CLANG_WARN_BOOL_CONVERSION = YES;
				CLANG_WARN_CONSTANT_CONVERSION = YES;
				CLANG_WARN_DIRECT_OBJC_ISA_USAGE = YES_ERROR;
				CLANG_WARN_EMPTY_BODY = YES;
				CLANG_WARN_ENUM_CONVERSION = YES;
				CLANG_WARN_INT_CONVERSION = YES;
				CLANG_WARN_OBJC_ROOT_CLASS = YES_ERROR;
				CLANG_WARN_UNREACHABLE_CODE = YES;
				CLANG_WARN__DUPLICATE_METHOD_MATCH = YES;
				"CODE_SIGN_IDENTITY[sdk=iphoneos*]" = "iPhone Developer";
				COPY_PHASE_STRIP = NO;
				DEBUG_INFORMATION_FORMAT = "dwarf-with-dsym";
				ENABLE_NS_ASSERTIONS = NO;
				ENABLE_STRICT_OBJC_MSGSEND = YES;
				GCC_C_LANGUAGE_STANDARD = gnu99;
				GCC_NO_COMMON_BLOCKS = YES;
				GCC_WARN_64_TO_32_BIT_CONVERSION = YES;
				GCC_WARN_ABOUT_RETURN_TYPE = YES_ERROR;
				GCC_WARN_UNDECLARED_SELECTOR = YES;
				GCC_WARN_UNINITIALIZED_AUTOS = YES_AGGRESSIVE;
				GCC_WARN_UNUSED_FUNCTION = YES;
				GCC_WARN_UNUSED_VARIABLE = YES;
				IPHONEOS_DEPLOYMENT_TARGET = 9.2;
				MTL_ENABLE_DEBUG_INFO = NO;
				SDKROOT = iphoneos;
				TARGETED_DEVICE_FAMILY = "1,2";
				VALIDATE_PRODUCT = YES;
			};
			name = Release;
		};
		21BB14621C9889E200DA7C54 /* Debug */ = {
			isa = XCBuildConfiguration;
			buildSettings = {
				ASSETCATALOG_COMPILER_APPICON_NAME = AppIcon;
				INFOPLIST_FILE = "Memorable Places/Info.plist";
				LD_RUNPATH_SEARCH_PATHS = "$(inherited) @executable_path/Frameworks";
				PRODUCT_BUNDLE_IDENTIFIER = "com.lovishdogra.Memorable-Places";
				PRODUCT_NAME = "Memorable Visits";
				SWIFT_VERSION = 3.0;
			};
			name = Debug;
		};
		21BB14631C9889E200DA7C54 /* Release */ = {
			isa = XCBuildConfiguration;
			buildSettings = {
				ASSETCATALOG_COMPILER_APPICON_NAME = AppIcon;
				INFOPLIST_FILE = "Memorable Places/Info.plist";
				LD_RUNPATH_SEARCH_PATHS = "$(inherited) @executable_path/Frameworks";
				PRODUCT_BUNDLE_IDENTIFIER = "com.lovishdogra.Memorable-Places";
				PRODUCT_NAME = "Memorable Visits";
				SWIFT_VERSION = 3.0;
			};
			name = Release;
		};
/* End XCBuildConfiguration section */

/* Begin XCConfigurationList section */
		21BB144A1C9889E200DA7C54 /* Build configuration list for PBXProject "Memorable Visits" */ = {
			isa = XCConfigurationList;
			buildConfigurations = (
				21BB145F1C9889E200DA7C54 /* Debug */,
				21BB14601C9889E200DA7C54 /* Release */,
			);
			defaultConfigurationIsVisible = 0;
			defaultConfigurationName = Release;
		};
		21BB14611C9889E200DA7C54 /* Build configuration list for PBXNativeTarget "Memorable Visits" */ = {
			isa = XCConfigurationList;
			buildConfigurations = (
				21BB14621C9889E200DA7C54 /* Debug */,
				21BB14631C9889E200DA7C54 /* Release */,
			);
			defaultConfigurationIsVisible = 0;
			defaultConfigurationName = Release;
		};
/* End XCConfigurationList section */
	};
	rootObject = 21BB14471C9889E200DA7C54 /* Project object */;
}
